
Microsoft Visual Studio Solution File, Format Version 12.00
# Visual Studio Version 17
VisualStudioVersion = 17.5.002.0
MinimumVisualStudioVersion = 10.0.40219.1
Project("{9A19103F-16F7-4668-BE54-9A1E7A4F7556}") = "CommandsService", "CommandsService.csproj", "{F812831D-68A5-42ED-858D-C98E1D2CBE59}"
EndProject
Global
	GlobalSection(SolutionConfigurationPlatforms) = preSolution
		Debug|Any CPU = Debug|Any CPU
		Release|Any CPU = Release|Any CPU
	EndGlobalSection
	GlobalSection(ProjectConfigurationPlatforms) = postSolution
		{F812831D-68A5-42ED-858D-C98E1D2CBE59}.Debug|Any CPU.ActiveCfg = Debug|Any CPU
		{F812831D-68A5-42ED-858D-C98E1D2CBE59}.Debug|Any CPU.Build.0 = Debug|Any CPU
		{F812831D-68A5-42ED-858D-C98E1D2CBE59}.Release|Any CPU.ActiveCfg = Release|Any CPU
		{F812831D-68A5-42ED-858D-C98E1D2CBE59}.Release|Any CPU.Build.0 = Release|Any CPU
	EndGlobalSection
	GlobalSection(SolutionProperties) = preSolution
		HideSolutionNode = FALSE
	EndGlobalSection
	GlobalSection(ExtensibilityGlobals) = postSolution
		SolutionGuid = {F10818F5-A980-4FFA-BF57-B96660B8D734}
	EndGlobalSection
EndGlobal
